
Microsoft Visual Studio Solution File, Format Version 12.00
# Visual Studio 15
VisualStudioVersion = 15.0.27130.2010
MinimumVisualStudioVersion = 10.0.40219.1
Project("{FAE04EC0-301F-11D3-BF4B-00C04F79EFBC}") = "TrabajoFinal", "TrabajoFinal\TrabajoFinal.csproj", "{73B6CA4E-B0F1-43E1-8589-DF14DF003071}"
EndProject
Global
	GlobalSection(SolutionConfigurationPlatforms) = preSolution
		Debug|Any CPU = Debug|Any CPU
		Release|Any CPU = Release|Any CPU
	EndGlobalSection
	GlobalSection(ProjectConfigurationPlatforms) = postSolution
		{73B6CA4E-B0F1-43E1-8589-DF14DF003071}.Debug|Any CPU.ActiveCfg = Debug|Any CPU
		{73B6CA4E-B0F1-43E1-8589-DF14DF003071}.Debug|Any CPU.Build.0 = Debug|Any CPU
		{73B6CA4E-B0F1-43E1-8589-DF14DF003071}.Release|Any CPU.ActiveCfg = Release|Any CPU
		{73B6CA4E-B0F1-43E1-8589-DF14DF003071}.Release|Any CPU.Build.0 = Release|Any CPU
	EndGlobalSection
	GlobalSection(SolutionProperties) = preSolution
		HideSolutionNode = FALSE
	EndGlobalSection
	GlobalSection(ExtensibilityGlobals) = postSolution
		SolutionGuid = {3B9F7F37-7A28-4776-8627-20EEE0F1C9E4}
	EndGlobalSection
EndGlobal
